{
  "name": "@monkeyprint/utils",
  "version": "1.0.0",
  "lockfileVersion": 3,
  "requires": true,
  "packages": {
    "": {
      "name": "@monkeyprint/utils",
      "version": "1.0.0",
      "license": "ISC",
      "dependencies": {
        "@uploadthing/react": "^7.3.0",
        "uploadthing": "^7.5.2"
      }
    },
    "node_modules/@effect/platform": {
      "version": "0.72.0",
      "resolved": "https://registry.npmjs.org/@effect/platform/-/platform-0.72.0.tgz",
      "integrity": "sha512-uHsW2hlo6AiIW3zpLAVAoNvJngS/JwCZBAM4RSRllm8JTgjjCraef78FJBDNnSXz+2a10Xzzx4qxVsP3s8EV5Q==",
      "license": "MIT",
      "dependencies": {
        "find-my-way-ts": "^0.1.5",
        "multipasta": "^0.2.5"
      },
      "peerDependencies": {
        "effect": "^3.12.0"
      }
    },
    "node_modules/@standard-schema/spec": {
      "version": "1.0.0-beta.4",
      "resolved": "https://registry.npmjs.org/@standard-schema/spec/-/spec-1.0.0-beta.4.tgz",
      "integrity": "sha512-d3IxtzLo7P1oZ8s8YNvxzBUXRXojSut8pbPrTYtzsc5sn4+53jVqbk66pQerSZbZSJZQux6LkclB/+8IDordHg==",
      "license": "MIT"
    },
    "node_modules/@uploadthing/mime-types": {
      "version": "0.3.4",
      "resolved": "https://registry.npmjs.org/@uploadthing/mime-types/-/mime-types-0.3.4.tgz",
      "integrity": "sha512-EB0o0a4y++UJFMLqS8LDVhSQgXUllG6t5fwl5cbmOM0Uay8YY5Nc/JjFwzJ8wccdIKz4oYwQW7EOSfUyaMPbfw==",
      "license": "MIT"
    },
    "node_modules/@uploadthing/react": {
      "version": "7.3.0",
      "resolved": "https://registry.npmjs.org/@uploadthing/react/-/react-7.3.0.tgz",
      "integrity": "sha512-rSH9BpPy2/G7nZ3SEbZQANUFHkBCS5CwWiVzmOW9fzFNoqF+buqBvi5FDweffqMSwmr+/VS8Wpyj87/GYbV0Fw==",
      "license": "MIT",
      "dependencies": {
        "@uploadthing/shared": "7.1.7",
        "file-selector": "0.6.0"
      },
      "peerDependencies": {
        "next": "*",
        "react": "^17.0.2 || ^18.0.0 || ^19.0.0",
        "uploadthing": "^7.2.0"
      },
      "peerDependenciesMeta": {
        "next": {
          "optional": true
        }
      }
    },
    "node_modules/@uploadthing/shared": {
      "version": "7.1.7",
      "resolved": "https://registry.npmjs.org/@uploadthing/shared/-/shared-7.1.7.tgz",
      "integrity": "sha512-VDvGmyHhdwaivC+eee77yZnOVvz59mOmLVbcuYFo4SkoNvPuc3AyPORqJJMBveQivTvELdrQcjlx6IPv98JkSA==",
      "license": "MIT",
      "dependencies": {
        "@uploadthing/mime-types": "0.3.4",
        "effect": "3.12.0",
        "sqids": "^0.3.0"
      }
    },
    "node_modules/effect": {
      "version": "3.12.0",
      "resolved": "https://registry.npmjs.org/effect/-/effect-3.12.0.tgz",
      "integrity": "sha512-b/u9s3b9HfTo0qygVouegP0hkbiuxRIeaCe1ppf8P88hPyl6lKCbErtn7Az4jG7LuU7f0Wgm4c8WXbMcL2j8+g==",
      "license": "MIT",
      "dependencies": {
        "fast-check": "^3.23.1"
      }
    },
    "node_modules/fast-check": {
      "version": "3.23.2",
      "resolved": "https://registry.npmjs.org/fast-check/-/fast-check-3.23.2.tgz",
      "integrity": "sha512-h5+1OzzfCC3Ef7VbtKdcv7zsstUQwUDlYpUTvjeUsJAssPgLn7QzbboPtL5ro04Mq0rPOsMzl7q5hIbRs2wD1A==",
      "funding": [
        {
          "type": "individual",
          "url": "https://github.com/sponsors/dubzzz"
        },
        {
          "type": "opencollective",
          "url": "https://opencollective.com/fast-check"
        }
      ],
      "license": "MIT",
      "dependencies": {
        "pure-rand": "^6.1.0"
      },
      "engines": {
        "node": ">=8.0.0"
      }
    },
    "node_modules/file-selector": {
      "version": "0.6.0",
      "resolved": "https://registry.npmjs.org/file-selector/-/file-selector-0.6.0.tgz",
      "integrity": "sha512-QlZ5yJC0VxHxQQsQhXvBaC7VRJ2uaxTf+Tfpu4Z/OcVQJVpZO+DGU0rkoVW5ce2SccxugvpBJoMvUs59iILYdw==",
      "license": "MIT",
      "dependencies": {
        "tslib": "^2.4.0"
      },
      "engines": {
        "node": ">= 12"
      }
    },
    "node_modules/find-my-way-ts": {
      "version": "0.1.5",
      "resolved": "https://registry.npmjs.org/find-my-way-ts/-/find-my-way-ts-0.1.5.tgz",
      "integrity": "sha512-4GOTMrpGQVzsCH2ruUn2vmwzV/02zF4q+ybhCIrw/Rkt3L8KWcycdC6aJMctJzwN4fXD4SD5F/4B9Sksh5rE0A==",
      "license": "MIT"
    },
    "node_modules/multipasta": {
      "version": "0.2.5",
      "resolved": "https://registry.npmjs.org/multipasta/-/multipasta-0.2.5.tgz",
      "integrity": "sha512-c8eMDb1WwZcE02WVjHoOmUVk7fnKU/RmUcosHACglrWAuPQsEJv+E8430sXj6jNc1jHw0zrS16aCjQh4BcEb4A==",
      "license": "MIT"
    },
    "node_modules/pure-rand": {
      "version": "6.1.0",
      "resolved": "https://registry.npmjs.org/pure-rand/-/pure-rand-6.1.0.tgz",
      "integrity": "sha512-bVWawvoZoBYpp6yIoQtQXHZjmz35RSVHnUOTefl8Vcjr8snTPY1wnpSPMWekcFwbxI6gtmT7rSYPFvz71ldiOA==",
      "funding": [
        {
          "type": "individual",
          "url": "https://github.com/sponsors/dubzzz"
        },
        {
          "type": "opencollective",
          "url": "https://opencollective.com/fast-check"
        }
      ],
      "license": "MIT"
    },
    "node_modules/react": {
      "version": "19.0.0",
      "resolved": "https://registry.npmjs.org/react/-/react-19.0.0.tgz",
      "integrity": "sha512-V8AVnmPIICiWpGfm6GLzCR/W5FXLchHop40W4nXBmdlEceh16rCN8O8LNWm5bh5XUX91fh7KpA+W0TgMKmgTpQ==",
      "license": "MIT",
      "peer": true,
      "engines": {
        "node": ">=0.10.0"
      }
    },
    "node_modules/sqids": {
      "version": "0.3.0",
      "resolved": "https://registry.npmjs.org/sqids/-/sqids-0.3.0.tgz",
      "integrity": "sha512-lOQK1ucVg+W6n3FhRwwSeUijxe93b51Bfz5PMRMihVf1iVkl82ePQG7V5vwrhzB11v0NtsR25PSZRGiSomJaJw==",
      "license": "MIT"
    },
    "node_modules/tslib": {
      "version": "2.8.1",
      "resolved": "https://registry.npmjs.org/tslib/-/tslib-2.8.1.tgz",
      "integrity": "sha512-oJFu94HQb+KVduSUQL7wnpmqnfmLsOA/nAh6b6EH0wCEoK0/mPeXU6c3wKDV83MkOuHPRHtSXKKU99IBazS/2w==",
      "license": "0BSD"
    },
    "node_modules/uploadthing": {
      "version": "7.5.2",
      "resolved": "https://registry.npmjs.org/uploadthing/-/uploadthing-7.5.2.tgz",
      "integrity": "sha512-hrvsVXgu6cYYJW97UuFLd3U2+TrPGyMBtPYSkqSTVq45Orkq9qFk095qkXYIW4EA/DyvCo78VV25HfSXT3EH7w==",
      "license": "MIT",
      "dependencies": {
        "@effect/platform": "0.72.0",
        "@standard-schema/spec": "1.0.0-beta.4",
        "@uploadthing/mime-types": "0.3.4",
        "@uploadthing/shared": "7.1.7",
        "effect": "3.12.0"
      },
      "engines": {
        "node": ">=18.13.0"
      },
      "peerDependencies": {
        "express": "*",
        "h3": "*",
        "tailwindcss": "^3.0.0 || ^4.0.0-beta.0"
      },
      "peerDependenciesMeta": {
        "express": {
          "optional": true
        },
        "fastify": {
          "optional": true
        },
        "h3": {
          "optional": true
        },
        "next": {
          "optional": true
        },
        "tailwindcss": {
          "optional": true
        }
      }
    }
  }
}
